
Microsoft Visual Studio Solution File, Format Version 12.00
# Visual Studio 15
VisualStudioVersion = 15.0.28307.489
MinimumVisualStudioVersion = 10.0.40219.1
Project("{FAE04EC0-301F-11D3-BF4B-00C04F79EFBC}") = "patterprogramme-4", "patterprogramme-4\patterprogramme-4.csproj", "{F554C840-16AB-4252-A4C8-01C4FBE22ADC}"
EndProject
Global
	GlobalSection(SolutionConfigurationPlatforms) = preSolution
		Debug|Any CPU = Debug|Any CPU
		Release|Any CPU = Release|Any CPU
	EndGlobalSection
	GlobalSection(ProjectConfigurationPlatforms) = postSolution
		{F554C840-16AB-4252-A4C8-01C4FBE22ADC}.Debug|Any CPU.ActiveCfg = Debug|Any CPU
		{F554C840-16AB-4252-A4C8-01C4FBE22ADC}.Debug|Any CPU.Build.0 = Debug|Any CPU
		{F554C840-16AB-4252-A4C8-01C4FBE22ADC}.Release|Any CPU.ActiveCfg = Release|Any CPU
		{F554C840-16AB-4252-A4C8-01C4FBE22ADC}.Release|Any CPU.Build.0 = Release|Any CPU
	EndGlobalSection
	GlobalSection(SolutionProperties) = preSolution
		HideSolutionNode = FALSE
	EndGlobalSection
	GlobalSection(ExtensibilityGlobals) = postSolution
		SolutionGuid = {60F07BF7-A64F-400D-9C81-097BAD1E1EE3}
	EndGlobalSection
EndGlobal
