
Microsoft Visual Studio Solution File, Format Version 12.00
# Visual Studio 15
VisualStudioVersion = 15.0.28307.489
MinimumVisualStudioVersion = 10.0.40219.1
Project("{FAE04EC0-301F-11D3-BF4B-00C04F79EFBC}") = "PatternProgramme-3", "PatternProgramme-3\PatternProgramme-3.csproj", "{485317F1-2642-4C80-9E5F-613965440954}"
EndProject
Global
	GlobalSection(SolutionConfigurationPlatforms) = preSolution
		Debug|Any CPU = Debug|Any CPU
		Release|Any CPU = Release|Any CPU
	EndGlobalSection
	GlobalSection(ProjectConfigurationPlatforms) = postSolution
		{485317F1-2642-4C80-9E5F-613965440954}.Debug|Any CPU.ActiveCfg = Debug|Any CPU
		{485317F1-2642-4C80-9E5F-613965440954}.Debug|Any CPU.Build.0 = Debug|Any CPU
		{485317F1-2642-4C80-9E5F-613965440954}.Release|Any CPU.ActiveCfg = Release|Any CPU
		{485317F1-2642-4C80-9E5F-613965440954}.Release|Any CPU.Build.0 = Release|Any CPU
	EndGlobalSection
	GlobalSection(SolutionProperties) = preSolution
		HideSolutionNode = FALSE
	EndGlobalSection
	GlobalSection(ExtensibilityGlobals) = postSolution
		SolutionGuid = {07DD99B3-E709-4C5C-8FD2-B4A4E07EAECD}
	EndGlobalSection
EndGlobal
